
Microsoft Visual Studio Solution File, Format Version 12.00
# Visual Studio Version 17
VisualStudioVersion = 17.0.32014.148
MinimumVisualStudioVersion = 10.0.40219.1
Project("{FAE04EC0-301F-11D3-BF4B-00C04F79EFBC}") = "071", "071\071.csproj", "{27F1F5D6-6243-4B4D-9FE1-2C5625FE2334}"
EndProject
Global
	GlobalSection(SolutionConfigurationPlatforms) = preSolution
		Debug|Any CPU = Debug|Any CPU
		Release|Any CPU = Release|Any CPU
	EndGlobalSection
	GlobalSection(ProjectConfigurationPlatforms) = postSolution
		{27F1F5D6-6243-4B4D-9FE1-2C5625FE2334}.Debug|Any CPU.ActiveCfg = Debug|Any CPU
		{27F1F5D6-6243-4B4D-9FE1-2C5625FE2334}.Debug|Any CPU.Build.0 = Debug|Any CPU
		{27F1F5D6-6243-4B4D-9FE1-2C5625FE2334}.Release|Any CPU.ActiveCfg = Release|Any CPU
		{27F1F5D6-6243-4B4D-9FE1-2C5625FE2334}.Release|Any CPU.Build.0 = Release|Any CPU
	EndGlobalSection
	GlobalSection(SolutionProperties) = preSolution
		HideSolutionNode = FALSE
	EndGlobalSection
	GlobalSection(ExtensibilityGlobals) = postSolution
		SolutionGuid = {4B875675-F4E2-400B-BB9D-47EC50EEC9D1}
	EndGlobalSection
EndGlobal
