
Microsoft Visual Studio Solution File, Format Version 12.00
# Visual Studio Version 17
VisualStudioVersion = 17.0.32014.148
MinimumVisualStudioVersion = 10.0.40219.1
Project("{FAE04EC0-301F-11D3-BF4B-00C04F79EFBC}") = "060", "060\060.csproj", "{F832D27E-D78F-4008-BF2E-C7C45B5A0B83}"
EndProject
Global
	GlobalSection(SolutionConfigurationPlatforms) = preSolution
		Debug|Any CPU = Debug|Any CPU
		Release|Any CPU = Release|Any CPU
	EndGlobalSection
	GlobalSection(ProjectConfigurationPlatforms) = postSolution
		{F832D27E-D78F-4008-BF2E-C7C45B5A0B83}.Debug|Any CPU.ActiveCfg = Debug|Any CPU
		{F832D27E-D78F-4008-BF2E-C7C45B5A0B83}.Debug|Any CPU.Build.0 = Debug|Any CPU
		{F832D27E-D78F-4008-BF2E-C7C45B5A0B83}.Release|Any CPU.ActiveCfg = Release|Any CPU
		{F832D27E-D78F-4008-BF2E-C7C45B5A0B83}.Release|Any CPU.Build.0 = Release|Any CPU
	EndGlobalSection
	GlobalSection(SolutionProperties) = preSolution
		HideSolutionNode = FALSE
	EndGlobalSection
	GlobalSection(ExtensibilityGlobals) = postSolution
		SolutionGuid = {04017548-2F54-4CD9-8F4A-D99F80081A8D}
	EndGlobalSection
EndGlobal
